
Microsoft Visual Studio Solution File, Format Version 12.00
# Visual Studio Version 17
VisualStudioVersion = 17.8.34330.188
MinimumVisualStudioVersion = 10.0.40219.1
Project("{8BC9CEB8-8B4A-11D0-8D11-00A0C91BC942}") = "socksifier", "src\socksifier.vcxproj", "{B844F1AD-D2C4-4DB6-B312-81D40B10DC17}"
EndProject
Project("{2150E333-8FDC-42A3-9474-1A3956D46DE8}") = "Solution Items", "Solution Items", "{B880635B-6C9A-41BC-BC41-DE56239F2425}"
	ProjectSection(SolutionItems) = preProject
		.gitignore = .gitignore
		appveyor.yml = appveyor.yml
		LICENSE = LICENSE
		README.md = README.md
	EndProjectSection
EndProject
Global
	GlobalSection(SolutionConfigurationPlatforms) = preSolution
		Debug|x64 = Debug|x64
		Debug|x86 = Debug|x86
		Release|x64 = Release|x64
		Release|x86 = Release|x86
	EndGlobalSection
	GlobalSection(ProjectConfigurationPlatforms) = postSolution
		{B844F1AD-D2C4-4DB6-B312-81D40B10DC17}.Debug|x64.ActiveCfg = Debug|x64
		{B844F1AD-D2C4-4DB6-B312-81D40B10DC17}.Debug|x64.Build.0 = Debug|x64
		{B844F1AD-D2C4-4DB6-B312-81D40B10DC17}.Debug|x86.ActiveCfg = Debug|Win32
		{B844F1AD-D2C4-4DB6-B312-81D40B10DC17}.Debug|x86.Build.0 = Debug|Win32
		{B844F1AD-D2C4-4DB6-B312-81D40B10DC17}.Release|x64.ActiveCfg = Release|x64
		{B844F1AD-D2C4-4DB6-B312-81D40B10DC17}.Release|x64.Build.0 = Release|x64
		{B844F1AD-D2C4-4DB6-B312-81D40B10DC17}.Release|x86.ActiveCfg = Release|Win32
		{B844F1AD-D2C4-4DB6-B312-81D40B10DC17}.Release|x86.Build.0 = Release|Win32
	EndGlobalSection
	GlobalSection(SolutionProperties) = preSolution
		HideSolutionNode = FALSE
	EndGlobalSection
	GlobalSection(ExtensibilityGlobals) = postSolution
		SolutionGuid = {2ACA13E8-F738-4754-A067-E552AA7CF1A4}
	EndGlobalSection
EndGlobal
